
Microsoft Visual Studio Solution File, Format Version 12.00
# Visual Studio 15
VisualStudioVersion = 15.0.26730.12
MinimumVisualStudioVersion = 10.0.40219.1
Project("{FAE04EC0-301F-11D3-BF4B-00C04F79EFBC}") = "WindowsFormsApp1", "WindowsFormsApp1\WindowsFormsApp1.csproj", "{1DAEB3A5-839A-474F-BCD2-97D18D17DCAE}"
EndProject
Global
	GlobalSection(SolutionConfigurationPlatforms) = preSolution
		Debug|Any CPU = Debug|Any CPU
		Release|Any CPU = Release|Any CPU
	EndGlobalSection
	GlobalSection(ProjectConfigurationPlatforms) = postSolution
		{1DAEB3A5-839A-474F-BCD2-97D18D17DCAE}.Debug|Any CPU.ActiveCfg = Debug|Any CPU
		{1DAEB3A5-839A-474F-BCD2-97D18D17DCAE}.Debug|Any CPU.Build.0 = Debug|Any CPU
		{1DAEB3A5-839A-474F-BCD2-97D18D17DCAE}.Release|Any CPU.ActiveCfg = Release|Any CPU
		{1DAEB3A5-839A-474F-BCD2-97D18D17DCAE}.Release|Any CPU.Build.0 = Release|Any CPU
	EndGlobalSection
	GlobalSection(SolutionProperties) = preSolution
		HideSolutionNode = FALSE
	EndGlobalSection
	GlobalSection(ExtensibilityGlobals) = postSolution
		SolutionGuid = {86F4262F-6549-4A73-92B9-AC221F67157E}
	EndGlobalSection
EndGlobal
